// !$*UTF8*$!
{
	archiveVersion = 1;
	classes = {
	};
	objectVersion = 46;
	objects = {

/* Begin PBXBuildFile section */
		FE10CF731DC2DF23005EE3A6 /* main.cpp in Sources */ = {isa = PBXBuildFile; fileRef = FE10CF721DC2DF23005EE3A6 /* main.cpp */; };
		FE99A5061DC3B43800800D5F /* FBullCowGame.cpp in Sources */ = {isa = PBXBuildFile; fileRef = FE99A5041DC3B43800800D5F /* FBullCowGame.cpp */; };
/* End PBXBuildFile section */

/* Begin PBXCopyFilesBuildPhase section */
		FE10CF6D1DC2DF23005EE3A6 /* CopyFiles */ = {
			isa = PBXCopyFilesBuildPhase;
			buildActionMask = 2147483647;
			dstPath = /usr/share/man/man1/;
			dstSubfolderSpec = 0;
			files = (
			);
			runOnlyForDeploymentPostprocessing = 1;
		};
/* End PBXCopyFilesBuildPhase section */

/* Begin PBXFileReference section */
		FE10CF6F1DC2DF23005EE3A6 /* BullCowGame */ = {isa = PBXFileReference; explicitFileType = "compiled.mach-o.executable"; includeInIndex = 0; path = BullCowGame; sourceTree = BUILT_PRODUCTS_DIR; };
		FE10CF721DC2DF23005EE3A6 /* main.cpp */ = {isa = PBXFileReference; lastKnownFileType = sourcecode.cpp.cpp; path = main.cpp; sourceTree = "<group>"; };
		FE99A5041DC3B43800800D5F /* FBullCowGame.cpp */ = {isa = PBXFileReference; fileEncoding = 4; lastKnownFileType = sourcecode.cpp.cpp; path = FBullCowGame.cpp; sourceTree = "<group>"; };
		FE99A5051DC3B43800800D5F /* FBullCowGame.hpp */ = {isa = PBXFileReference; fileEncoding = 4; lastKnownFileType = sourcecode.cpp.h; path = FBullCowGame.hpp; sourceTree = "<group>"; };
/* End PBXFileReference section */

/* Begin PBXFrameworksBuildPhase section */
		FE10CF6C1DC2DF23005EE3A6 /* Frameworks */ = {
			isa = PBXFrameworksBuildPhase;
			buildActionMask = 2147483647;
			files = (
			);
			runOnlyForDeploymentPostprocessing = 0;
		};
/* End PBXFrameworksBuildPhase section */

/* Begin PBXGroup section */
		FE10CF661DC2DF23005EE3A6 = {
			isa = PBXGroup;
			children = (
				FE10CF711DC2DF23005EE3A6 /* BullCowGame */,
				FE10CF701DC2DF23005EE3A6 /* Products */,
			);
			sourceTree = "<group>";
		};
		FE10CF701DC2DF23005EE3A6 /* Products */ = {
			isa = PBXGroup;
			children = (
				FE10CF6F1DC2DF23005EE3A6 /* BullCowGame */,
			);
			name = Products;
			sourceTree = "<group>";
		};
		FE10CF711DC2DF23005EE3A6 /* BullCowGame */ = {
			isa = PBXGroup;
			children = (
				FE10CF721DC2DF23005EE3A6 /* main.cpp */,
				FE99A5041DC3B43800800D5F /* FBullCowGame.cpp */,
				FE99A5051DC3B43800800D5F /* FBullCowGame.hpp */,
			);
			path = BullCowGame;
			sourceTree = "<group>";
		};
/* End PBXGroup section */

/* Begin PBXNativeTarget section */
		FE10CF6E1DC2DF23005EE3A6 /* BullCowGame */ = {
			isa = PBXNativeTarget;
			buildConfigurationList = FE10CF761DC2DF23005EE3A6 /* Build configuration list for PBXNativeTarget "BullCowGame" */;
			buildPhases = (
				FE10CF6B1DC2DF23005EE3A6 /* Sources */,
				FE10CF6C1DC2DF23005EE3A6 /* Frameworks */,
				FE10CF6D1DC2DF23005EE3A6 /* CopyFiles */,
			);
			buildRules = (
			);
			dependencies = (
			);
			name = BullCowGame;
			productName = BullCowGame;
			productReference = FE10CF6F1DC2DF23005EE3A6 /* BullCowGame */;
			productType = "com.apple.product-type.tool";
		};
/* End PBXNativeTarget section */

/* Begin PBXProject section */
		FE10CF671DC2DF23005EE3A6 /* Project object */ = {
			isa = PBXProject;
			attributes = {
				LastUpgradeCheck = 0800;
				ORGANIZATIONNAME = "Surinder Singh Gill";
				TargetAttributes = {
					FE10CF6E1DC2DF23005EE3A6 = {
						CreatedOnToolsVersion = 8.0;
						ProvisioningStyle = Automatic;
					};
				};
			};
			buildConfigurationList = FE10CF6A1DC2DF23005EE3A6 /* Build configuration list for PBXProject "BullCowGame" */;
			compatibilityVersion = "Xcode 3.2";
			developmentRegion = English;
			hasScannedForEncodings = 0;
			knownRegions = (
				en,
			);
			mainGroup = FE10CF661DC2DF23005EE3A6;
			productRefGroup = FE10CF701DC2DF23005EE3A6 /* Products */;
			projectDirPath = "";
			projectRoot = "";
			targets = (
				FE10CF6E1DC2DF23005EE3A6 /* BullCowGame */,
			);
		};
/* End PBXProject section */

/* Begin PBXSourcesBuildPhase section */
		FE10CF6B1DC2DF23005EE3A6 /* Sources */ = {
			isa = PBXSourcesBuildPhase;
			buildActionMask = 2147483647;
			files = (
				FE10CF731DC2DF23005EE3A6 /* main.cpp in Sources */,
				FE99A5061DC3B43800800D5F /* FBullCowGame.cpp in Sources */,
			);
			runOnlyForDeploymentPostprocessing = 0;
		};
/* End PBXSourcesBuildPhase section */

/* Begin XCBuildConfiguration section */
		FE10CF741DC2DF23005EE3A6 /* Debug */ = {
			isa = XCBuildConfiguration;
			buildSettings = {
				ALWAYS_SEARCH_USER_PATHS = NO;
				CLANG_ANALYZER_NONNULL = YES;
				CLANG_CXX_LANGUAGE_STANDARD = "gnu++0x";
				CLANG_CXX_LIBRARY = "libc++";
				CLANG_ENABLE_MODULES = YES;
				CLANG_ENABLE_OBJC_ARC = YES;
				CLANG_WARN_BOOL_CONVERSION = YES;
				CLANG_WARN_CONSTANT_CONVERSION = YES;
				CLANG_WARN_DIRECT_OBJC_ISA_USAGE = YES_ERROR;
				CLANG_WARN_DOCUMENTATION_COMMENTS = YES;
				CLANG_WARN_EMPTY_BODY = YES;
				CLANG_WARN_ENUM_CONVERSION = YES;
				CLANG_WARN_INFINITE_RECURSION = YES;
				CLANG_WARN_INT_CONVERSION = YES;
				CLANG_WARN_OBJC_ROOT_CLASS = YES_ERROR;
				CLANG_WARN_SUSPICIOUS_MOVES = YES;
				CLANG_WARN_UNREACHABLE_CODE = YES;
				CLANG_WARN__DUPLICATE_METHOD_MATCH = YES;
				CODE_SIGN_IDENTITY = "-";
				COPY_PHASE_STRIP = NO;
				DEBUG_INFORMATION_FORMAT = dwarf;
				ENABLE_STRICT_OBJC_MSGSEND = YES;
				ENABLE_TESTABILITY = YES;
				GCC_C_LANGUAGE_STANDARD = gnu99;
				GCC_DYNAMIC_NO_PIC = NO;
				GCC_NO_COMMON_BLOCKS = YES;
				GCC_OPTIMIZATION_LEVEL = 0;
				GCC_PREPROCESSOR_DEFINITIONS = (
					"DEBUG=1",
					"$(inherited)",
				);
				GCC_WARN_64_TO_32_BIT_CONVERSION = YES;
				GCC_WARN_ABOUT_RETURN_TYPE = YES_ERROR;
				GCC_WARN_UNDECLARED_SELECTOR = YES;
				GCC_WARN_UNINITIALIZED_AUTOS = YES_AGGRESSIVE;
				GCC_WARN_UNUSED_FUNCTION = YES;
				GCC_WARN_UNUSED_VARIABLE = YES;
				MACOSX_DEPLOYMENT_TARGET = 10.12;
				MTL_ENABLE_DEBUG_INFO = YES;
				ONLY_ACTIVE_ARCH = YES;
				SDKROOT = macosx;
			};
			name = Debug;
		};
		FE10CF751DC2DF23005EE3A6 /* Release */ = {
			isa = XCBuildConfiguration;
			buildSettings = {
				ALWAYS_SEARCH_USER_PATHS = NO;
				CLANG_ANALYZER_NONNULL = YES;
				CLANG_CXX_LANGUAGE_STANDARD = "gnu++0x";
				CLANG_CXX_LIBRARY = "libc++";
				CLANG_ENABLE_MODULES = YES;
				CLANG_ENABLE_OBJC_ARC = YES;
				CLANG_WARN_BOOL_CONVERSION = YES;
				CLANG_WARN_CONSTANT_CONVERSION = YES;
				CLANG_WARN_DIRECT_OBJC_ISA_USAGE = YES_ERROR;
				CLANG_WARN_DOCUMENTATION_COMMENTS = YES;
				CLANG_WARN_EMPTY_BODY = YES;
				CLANG_WARN_ENUM_CONVERSION = YES;
				CLANG_WARN_INFINITE_RECURSION = YES;
				CLANG_WARN_INT_CONVERSION = YES;
				CLANG_WARN_OBJC_ROOT_CLASS = YES_ERROR;
				CLANG_WARN_SUSPICIOUS_MOVES = YES;
				CLANG_WARN_UNREACHABLE_CODE = YES;
				CLANG_WARN__DUPLICATE_METHOD_MATCH = YES;
				CODE_SIGN_IDENTITY = "-";
				COPY_PHASE_STRIP = NO;
				DEBUG_INFORMATION_FORMAT = "dwarf-with-dsym";
				ENABLE_NS_ASSERTIONS = NO;
				ENABLE_STRICT_OBJC_MSGSEND = YES;
				GCC_C_LANGUAGE_STANDARD = gnu99;
				GCC_NO_COMMON_BLOCKS = YES;
				GCC_WARN_64_TO_32_BIT_CONVERSION = YES;
				GCC_WARN_ABOUT_RETURN_TYPE = YES_ERROR;
				GCC_WARN_UNDECLARED_SELECTOR = YES;
				GCC_WARN_UNINITIALIZED_AUTOS = YES_AGGRESSIVE;
				GCC_WARN_UNUSED_FUNCTION = YES;
				GCC_WARN_UNUSED_VARIABLE = YES;
				MACOSX_DEPLOYMENT_TARGET = 10.12;
				MTL_ENABLE_DEBUG_INFO = NO;
				SDKROOT = macosx;
			};
			name = Release;
		};
		FE10CF771DC2DF23005EE3A6 /* Debug */ = {
			isa = XCBuildConfiguration;
			buildSettings = {
				PRODUCT_NAME = "$(TARGET_NAME)";
			};
			name = Debug;
		};
		FE10CF781DC2DF23005EE3A6 /* Release */ = {
			isa = XCBuildConfiguration;
			buildSettings = {
				PRODUCT_NAME = "$(TARGET_NAME)";
			};
			name = Release;
		};
/* End XCBuildConfiguration section */

/* Begin XCConfigurationList section */
		FE10CF6A1DC2DF23005EE3A6 /* Build configuration list for PBXProject "BullCowGame" */ = {
			isa = XCConfigurationList;
			buildConfigurations = (
				FE10CF741DC2DF23005EE3A6 /* Debug */,
				FE10CF751DC2DF23005EE3A6 /* Release */,
			);
			defaultConfigurationIsVisible = 0;
			defaultConfigurationName = Release;
		};
		FE10CF761DC2DF23005EE3A6 /* Build configuration list for PBXNativeTarget "BullCowGame" */ = {
			isa = XCConfigurationList;
			buildConfigurations = (
				FE10CF771DC2DF23005EE3A6 /* Debug */,
				FE10CF781DC2DF23005EE3A6 /* Release */,
			);
			defaultConfigurationIsVisible = 0;
			defaultConfigurationName = Release;
		};
/* End XCConfigurationList section */
	};
	rootObject = FE10CF671DC2DF23005EE3A6 /* Project object */;
}
